
Microsoft Visual Studio Solution File, Format Version 12.00
# Visual Studio Version 16
VisualStudioVersion = 16.0.31424.327
MinimumVisualStudioVersion = 10.0.40219.1
Project("{FAE04EC0-301F-11D3-BF4B-00C04F79EFBC}") = "ShoppingStore", "ShoppingStore\ShoppingStore.csproj", "{2FAF14A8-DE88-470C-A15A-3DF2F617A68B}"
EndProject
Global
	GlobalSection(SolutionConfigurationPlatforms) = preSolution
		Debug|Any CPU = Debug|Any CPU
		Release|Any CPU = Release|Any CPU
	EndGlobalSection
	GlobalSection(ProjectConfigurationPlatforms) = postSolution
		{2FAF14A8-DE88-470C-A15A-3DF2F617A68B}.Debug|Any CPU.ActiveCfg = Debug|Any CPU
		{2FAF14A8-DE88-470C-A15A-3DF2F617A68B}.Debug|Any CPU.Build.0 = Debug|Any CPU
		{2FAF14A8-DE88-470C-A15A-3DF2F617A68B}.Release|Any CPU.ActiveCfg = Release|Any CPU
		{2FAF14A8-DE88-470C-A15A-3DF2F617A68B}.Release|Any CPU.Build.0 = Release|Any CPU
	EndGlobalSection
	GlobalSection(SolutionProperties) = preSolution
		HideSolutionNode = FALSE
	EndGlobalSection
	GlobalSection(ExtensibilityGlobals) = postSolution
		SolutionGuid = {A3706018-CB65-4C04-BBC8-8AF882257D44}
	EndGlobalSection
EndGlobal
